
Microsoft Visual Studio Solution File, Format Version 12.00
# Visual Studio Version 17
VisualStudioVersion = 17.14.36915.13 d17.14
MinimumVisualStudioVersion = 10.0.40219.1
Project("{FAE04EC0-301F-11D3-BF4B-00C04F79EFBC}") = "OSWTools", "OSWTools.csproj", "{506F3823-40A9-0C9B-C4E7-B9AA4119907D}"
EndProject
Global
	GlobalSection(SolutionConfigurationPlatforms) = preSolution
		Debug|Any CPU = Debug|Any CPU
		Release|Any CPU = Release|Any CPU
	EndGlobalSection
	GlobalSection(ProjectConfigurationPlatforms) = postSolution
		{506F3823-40A9-0C9B-C4E7-B9AA4119907D}.Debug|Any CPU.ActiveCfg = Debug|Any CPU
		{506F3823-40A9-0C9B-C4E7-B9AA4119907D}.Debug|Any CPU.Build.0 = Debug|Any CPU
		{506F3823-40A9-0C9B-C4E7-B9AA4119907D}.Release|Any CPU.ActiveCfg = Release|Any CPU
		{506F3823-40A9-0C9B-C4E7-B9AA4119907D}.Release|Any CPU.Build.0 = Release|Any CPU
	EndGlobalSection
	GlobalSection(SolutionProperties) = preSolution
		HideSolutionNode = FALSE
	EndGlobalSection
	GlobalSection(ExtensibilityGlobals) = postSolution
		SolutionGuid = {4CF96C01-BDFB-4AAD-8FCF-652626F88E61}
	EndGlobalSection
EndGlobal
